Microsoft Visual Studio Solution File, Format Version 12.00
# Visual Studio 2012
Project("{FAE04EC0-301F-11D3-BF4B-00C04F79EFBC}") = "test", "test.csproj", "{9302E308-5AEC-4BA8-9912-54432CB6AFDD}"
EndProject
Global
	GlobalSection(SolutionConfigurationPlatforms) = preSolution
	Debug|Any CPU = Debug|Any CPU
	ExportDebug|Any CPU = ExportDebug|Any CPU
	ExportRelease|Any CPU = ExportRelease|Any CPU
	EndGlobalSection
	GlobalSection(ProjectConfigurationPlatforms) = postSolution
		{9302E308-5AEC-4BA8-9912-54432CB6AFDD}.Debug|Any CPU.ActiveCfg = Debug|Any CPU
		{9302E308-5AEC-4BA8-9912-54432CB6AFDD}.Debug|Any CPU.Build.0 = Debug|Any CPU
		{9302E308-5AEC-4BA8-9912-54432CB6AFDD}.ExportDebug|Any CPU.ActiveCfg = ExportDebug|Any CPU
		{9302E308-5AEC-4BA8-9912-54432CB6AFDD}.ExportDebug|Any CPU.Build.0 = ExportDebug|Any CPU
		{9302E308-5AEC-4BA8-9912-54432CB6AFDD}.ExportRelease|Any CPU.ActiveCfg = ExportRelease|Any CPU
		{9302E308-5AEC-4BA8-9912-54432CB6AFDD}.ExportRelease|Any CPU.Build.0 = ExportRelease|Any CPU
	EndGlobalSection
EndGlobal
